
Microsoft Visual Studio Solution File, Format Version 12.00
# Visual Studio Version 17
VisualStudioVersion = 17.9.34622.214
MinimumVisualStudioVersion = 10.0.40219.1
Project("{2150E333-8FDC-42A3-9474-1A3956D46DE8}") = "src", "src", "{A7DF9708-5683-485C-88D1-D8DE097834C5}"
EndProject
Project("{2150E333-8FDC-42A3-9474-1A3956D46DE8}") = "ApiGateways", "ApiGateways", "{78221E99-C35E-4912-BDAD-6A3DD6F7A8DB}"
EndProject
Project("{2150E333-8FDC-42A3-9474-1A3956D46DE8}") = "BuildingBlocks", "BuildingBlocks", "{929A03D4-5BC0-459D-A0D7-CA38C79F95F4}"
EndProject
Project("{2150E333-8FDC-42A3-9474-1A3956D46DE8}") = "EventBus", "EventBus", "{5DB1A4BF-0FC8-47F4-A474-D008577FD731}"
EndProject
Project("{9A19103F-16F7-4668-BE54-9A1E7A4F7556}") = "EventBus.Base", "src\BuildingBlocks\EventBus\EventBus.Base\EventBus.Base.csproj", "{4132199F-F20F-447C-AFEC-A45CDB528644}"
EndProject
Project("{9A19103F-16F7-4668-BE54-9A1E7A4F7556}") = "EventBus.Factory", "src\BuildingBlocks\EventBus\EventBus.Factory\EventBus.Factory.csproj", "{A546B463-FE13-4630-848B-8A3DDB31DF37}"
EndProject
Project("{9A19103F-16F7-4668-BE54-9A1E7A4F7556}") = "EventBus.RabbitMQ", "src\BuildingBlocks\EventBus\EventBus.RabbitMQ\EventBus.RabbitMQ.csproj", "{8C44CEE4-AF7C-4FCF-AF5B-2E709A6487E1}"
EndProject
Project("{9A19103F-16F7-4668-BE54-9A1E7A4F7556}") = "EventBus.AzureServiceBus", "src\BuildingBlocks\EventBus\EventBus.AzureServiceBus\EventBus.AzureServiceBus.csproj", "{0F2A7670-327B-4683-A47D-C6A61115086F}"
EndProject
Project("{2150E333-8FDC-42A3-9474-1A3956D46DE8}") = "Services", "Services", "{1AD45429-F3BD-4F76-898E-61D01C6B7AB5}"
EndProject
Project("{2150E333-8FDC-42A3-9474-1A3956D46DE8}") = "IdentityService", "IdentityService", "{EE05CFC6-1B3E-4053-8D3B-84AD5D91D15A}"
EndProject
Project("{9A19103F-16F7-4668-BE54-9A1E7A4F7556}") = "IdentityService.Api", "src\Services\IdentityService\IdentityService.Api\IdentityService.Api.csproj", "{AF7ED272-DB0D-4342-B822-2A1FBB271DEC}"
EndProject
Project("{9A19103F-16F7-4668-BE54-9A1E7A4F7556}") = "IdentityService.Business", "src\Services\IdentityService\IdentityService.Business\IdentityService.Business.csproj", "{55C1994C-5FCE-46DD-B009-6AD4EDAB1FFC}"
EndProject
Project("{9A19103F-16F7-4668-BE54-9A1E7A4F7556}") = "IdentityService.Core", "src\Services\IdentityService\IdentityService.Core\IdentityService.Core.csproj", "{812A75E6-169B-465E-B42F-4D39DBF66E4C}"
EndProject
Project("{9A19103F-16F7-4668-BE54-9A1E7A4F7556}") = "IdentityService.DataAccess", "src\Services\IdentityService\IdentityService.DataAccess\IdentityService.DataAccess.csproj", "{EF60C13A-D4CC-4F98-A76F-B8B1A947D64F}"
EndProject
Project("{9A19103F-16F7-4668-BE54-9A1E7A4F7556}") = "IdentityService.Entity", "src\Services\IdentityService\IdentityService.Entity\IdentityService.Entity.csproj", "{AAFEF16C-9CB7-4E4D-8819-050FF7E2C46C}"
EndProject
Project("{2150E333-8FDC-42A3-9474-1A3956D46DE8}") = "tests", "tests", "{D4AE60E4-544A-45B1-92D9-83611CF8D2B9}"
EndProject
Project("{2150E333-8FDC-42A3-9474-1A3956D46DE8}") = "BuildingBlocks", "BuildingBlocks", "{A10B9800-A668-4A52-8F0A-9A5AD90C68FE}"
EndProject
Project("{9A19103F-16F7-4668-BE54-9A1E7A4F7556}") = "EventBus.UnitTest", "tests\BuindingBlocks\EventBus.UnitTest\EventBus.UnitTest.csproj", "{75B7E59A-411D-435E-A44F-5E485AB17280}"
EndProject
Project("{2150E333-8FDC-42A3-9474-1A3956D46DE8}") = "Web", "Web", "{06C68FBA-15DC-4DB4-A285-E6ACC1D45E24}"
EndProject
Project("{9A19103F-16F7-4668-BE54-9A1E7A4F7556}") = "Web.ApiGateway", "src\ApiGateways\Web\Web.ApiGateway\Web.ApiGateway.csproj", "{59D8C51F-AED9-4DD2-9A98-E8A1DB69D9C2}"
EndProject
Project("{2150E333-8FDC-42A3-9474-1A3956D46DE8}") = "CatalogService", "CatalogService", "{2F23B2B3-4EF3-4C26-A486-66137BD59241}"
EndProject
Project("{2150E333-8FDC-42A3-9474-1A3956D46DE8}") = "BasketService", "BasketService", "{19A60F99-1C44-4B3F-A725-405D1D294690}"
EndProject
Project("{2150E333-8FDC-42A3-9474-1A3956D46DE8}") = "OrderService", "OrderService", "{AA8CE5F8-327C-4585-A784-800E25469936}"
EndProject
Project("{2150E333-8FDC-42A3-9474-1A3956D46DE8}") = "PaymentService", "PaymentService", "{477CE89F-1E11-4124-B3FF-B5EF91C3E9C4}"
EndProject
Project("{2150E333-8FDC-42A3-9474-1A3956D46DE8}") = "NotificationService", "NotificationService", "{B714AAE7-B296-4BB8-9841-DB9D1D7B5C6B}"
EndProject
Project("{9A19103F-16F7-4668-BE54-9A1E7A4F7556}") = "CatalogService.Api", "src\Services\CatalogService\CatalogService.Api\CatalogService.Api.csproj", "{C1741629-BAF8-4121-A975-E70B586F022B}"
EndProject
Project("{9A19103F-16F7-4668-BE54-9A1E7A4F7556}") = "CatalogService.Application", "src\Services\CatalogService\CatalogService.Application\CatalogService.Application.csproj", "{94E081DA-8FAF-4A3C-B9B7-E7EBE9A2021A}"
EndProject
Project("{9A19103F-16F7-4668-BE54-9A1E7A4F7556}") = "CatalogService.Domain", "src\Services\CatalogService\CatalogService.Domain\CatalogService.Domain.csproj", "{7FBC0A76-4D8A-4793-846F-264FB6CB8750}"
EndProject
Project("{9A19103F-16F7-4668-BE54-9A1E7A4F7556}") = "CatalogService.Infrastructure", "src\Services\CatalogService\CatalogService.Infrastructure\CatalogService.Infrastructure.csproj", "{25C7A0CA-E0A7-4A8F-962B-CF894C1FCFA8}"
EndProject
Project("{9A19103F-16F7-4668-BE54-9A1E7A4F7556}") = "NotificationService.Console", "src\Services\NotificationService\NotificationService.Console\NotificationService.Console.csproj", "{47C49262-6412-4EAD-AB8C-7623B6DFD3F6}"
EndProject
Project("{9A19103F-16F7-4668-BE54-9A1E7A4F7556}") = "PaymentService.Api", "src\Services\PaymentService\PaymentService.Api\PaymentService.Api.csproj", "{67B9D9FE-BD41-4E6D-8D08-38F22D03B357}"
EndProject
Project("{9A19103F-16F7-4668-BE54-9A1E7A4F7556}") = "BasketService.Api", "src\Services\BasketService\BasketService.Api\BasketService.Api.csproj", "{5189753D-2513-4CE9-9A8E-4B33A4C52F5E}"
EndProject
Project("{9A19103F-16F7-4668-BE54-9A1E7A4F7556}") = "BasketService.Business", "src\Services\BasketService\BasketService.Business\BasketService.Business.csproj", "{5D575E78-E369-4104-8E81-D3E69D274D3F}"
EndProject
Project("{9A19103F-16F7-4668-BE54-9A1E7A4F7556}") = "BasketService.DataAccess", "src\Services\BasketService\BasketService.DataAccess\BasketService.DataAccess.csproj", "{777F24F4-51B1-4E79-8322-FD0ADA917A27}"
EndProject
Project("{9A19103F-16F7-4668-BE54-9A1E7A4F7556}") = "BasketService.Entity", "src\Services\BasketService\BasketService.Entity\BasketService.Entity.csproj", "{12F23786-817D-4B19-8B6D-5C1A04A0F6F3}"
EndProject
Project("{9A19103F-16F7-4668-BE54-9A1E7A4F7556}") = "BasketService.Core", "src\Services\BasketService\BasketService.Core\BasketService.Core.csproj", "{AD315616-440A-40A4-A54A-31FDF7FD06CA}"
EndProject
Project("{FAE04EC0-301F-11D3-BF4B-00C04F79EFBC}") = "OrderService.Api", "src\Services\OrderService\OrderService.Api\OrderService.Api.csproj", "{B9DFA9A0-5A43-42DB-94CC-6D1002635667}"
EndProject
Project("{FAE04EC0-301F-11D3-BF4B-00C04F79EFBC}") = "OrderService.Application", "src\Services\OrderService\OrderService.Application\OrderService.Application.csproj", "{8F1FA8D8-AEF3-44AA-A613-8EB3BC400B17}"
EndProject
Project("{FAE04EC0-301F-11D3-BF4B-00C04F79EFBC}") = "OrderService.Domain", "src\Services\OrderService\OrderService.Domain\OrderService.Domain.csproj", "{93715134-8416-4F9E-895A-DD15D2D88539}"
EndProject
Project("{FAE04EC0-301F-11D3-BF4B-00C04F79EFBC}") = "OrderService.Infrastructure", "src\Services\OrderService\OrderService.Infrastructure\OrderService.Infrastructure.csproj", "{5B4D68C9-4F5B-40F6-ACE7-23BD11FDFA0D}"
EndProject
Global
	GlobalSection(SolutionConfigurationPlatforms) = preSolution
		Debug|Any CPU = Debug|Any CPU
		Release|Any CPU = Release|Any CPU
	EndGlobalSection
	GlobalSection(ProjectConfigurationPlatforms) = postSolution
		{4132199F-F20F-447C-AFEC-A45CDB528644}.Debug|Any CPU.ActiveCfg = Debug|Any CPU
		{4132199F-F20F-447C-AFEC-A45CDB528644}.Debug|Any CPU.Build.0 = Debug|Any CPU
		{4132199F-F20F-447C-AFEC-A45CDB528644}.Release|Any CPU.ActiveCfg = Release|Any CPU
		{4132199F-F20F-447C-AFEC-A45CDB528644}.Release|Any CPU.Build.0 = Release|Any CPU
		{A546B463-FE13-4630-848B-8A3DDB31DF37}.Debug|Any CPU.ActiveCfg = Debug|Any CPU
		{A546B463-FE13-4630-848B-8A3DDB31DF37}.Debug|Any CPU.Build.0 = Debug|Any CPU
		{A546B463-FE13-4630-848B-8A3DDB31DF37}.Release|Any CPU.ActiveCfg = Release|Any CPU
		{A546B463-FE13-4630-848B-8A3DDB31DF37}.Release|Any CPU.Build.0 = Release|Any CPU
		{8C44CEE4-AF7C-4FCF-AF5B-2E709A6487E1}.Debug|Any CPU.ActiveCfg = Debug|Any CPU
		{8C44CEE4-AF7C-4FCF-AF5B-2E709A6487E1}.Debug|Any CPU.Build.0 = Debug|Any CPU
		{8C44CEE4-AF7C-4FCF-AF5B-2E709A6487E1}.Release|Any CPU.ActiveCfg = Release|Any CPU
		{8C44CEE4-AF7C-4FCF-AF5B-2E709A6487E1}.Release|Any CPU.Build.0 = Release|Any CPU
		{0F2A7670-327B-4683-A47D-C6A61115086F}.Debug|Any CPU.ActiveCfg = Debug|Any CPU
		{0F2A7670-327B-4683-A47D-C6A61115086F}.Debug|Any CPU.Build.0 = Debug|Any CPU
		{0F2A7670-327B-4683-A47D-C6A61115086F}.Release|Any CPU.ActiveCfg = Release|Any CPU
		{0F2A7670-327B-4683-A47D-C6A61115086F}.Release|Any CPU.Build.0 = Release|Any CPU
		{AF7ED272-DB0D-4342-B822-2A1FBB271DEC}.Debug|Any CPU.ActiveCfg = Debug|Any CPU
		{AF7ED272-DB0D-4342-B822-2A1FBB271DEC}.Debug|Any CPU.Build.0 = Debug|Any CPU
		{AF7ED272-DB0D-4342-B822-2A1FBB271DEC}.Release|Any CPU.ActiveCfg = Release|Any CPU
		{AF7ED272-DB0D-4342-B822-2A1FBB271DEC}.Release|Any CPU.Build.0 = Release|Any CPU
		{55C1994C-5FCE-46DD-B009-6AD4EDAB1FFC}.Debug|Any CPU.ActiveCfg = Debug|Any CPU
		{55C1994C-5FCE-46DD-B009-6AD4EDAB1FFC}.Debug|Any CPU.Build.0 = Debug|Any CPU
		{55C1994C-5FCE-46DD-B009-6AD4EDAB1FFC}.Release|Any CPU.ActiveCfg = Release|Any CPU
		{55C1994C-5FCE-46DD-B009-6AD4EDAB1FFC}.Release|Any CPU.Build.0 = Release|Any CPU
		{812A75E6-169B-465E-B42F-4D39DBF66E4C}.Debug|Any CPU.ActiveCfg = Debug|Any CPU
		{812A75E6-169B-465E-B42F-4D39DBF66E4C}.Debug|Any CPU.Build.0 = Debug|Any CPU
		{812A75E6-169B-465E-B42F-4D39DBF66E4C}.Release|Any CPU.ActiveCfg = Release|Any CPU
		{812A75E6-169B-465E-B42F-4D39DBF66E4C}.Release|Any CPU.Build.0 = Release|Any CPU
		{EF60C13A-D4CC-4F98-A76F-B8B1A947D64F}.Debug|Any CPU.ActiveCfg = Debug|Any CPU
		{EF60C13A-D4CC-4F98-A76F-B8B1A947D64F}.Debug|Any CPU.Build.0 = Debug|Any CPU
		{EF60C13A-D4CC-4F98-A76F-B8B1A947D64F}.Release|Any CPU.ActiveCfg = Release|Any CPU
		{EF60C13A-D4CC-4F98-A76F-B8B1A947D64F}.Release|Any CPU.Build.0 = Release|Any CPU
		{AAFEF16C-9CB7-4E4D-8819-050FF7E2C46C}.Debug|Any CPU.ActiveCfg = Debug|Any CPU
		{AAFEF16C-9CB7-4E4D-8819-050FF7E2C46C}.Debug|Any CPU.Build.0 = Debug|Any CPU
		{AAFEF16C-9CB7-4E4D-8819-050FF7E2C46C}.Release|Any CPU.ActiveCfg = Release|Any CPU
		{AAFEF16C-9CB7-4E4D-8819-050FF7E2C46C}.Release|Any CPU.Build.0 = Release|Any CPU
		{75B7E59A-411D-435E-A44F-5E485AB17280}.Debug|Any CPU.ActiveCfg = Debug|Any CPU
		{75B7E59A-411D-435E-A44F-5E485AB17280}.Debug|Any CPU.Build.0 = Debug|Any CPU
		{75B7E59A-411D-435E-A44F-5E485AB17280}.Release|Any CPU.ActiveCfg = Release|Any CPU
		{75B7E59A-411D-435E-A44F-5E485AB17280}.Release|Any CPU.Build.0 = Release|Any CPU
		{59D8C51F-AED9-4DD2-9A98-E8A1DB69D9C2}.Debug|Any CPU.ActiveCfg = Debug|Any CPU
		{59D8C51F-AED9-4DD2-9A98-E8A1DB69D9C2}.Debug|Any CPU.Build.0 = Debug|Any CPU
		{59D8C51F-AED9-4DD2-9A98-E8A1DB69D9C2}.Release|Any CPU.ActiveCfg = Release|Any CPU
		{59D8C51F-AED9-4DD2-9A98-E8A1DB69D9C2}.Release|Any CPU.Build.0 = Release|Any CPU
		{C1741629-BAF8-4121-A975-E70B586F022B}.Debug|Any CPU.ActiveCfg = Debug|Any CPU
		{C1741629-BAF8-4121-A975-E70B586F022B}.Debug|Any CPU.Build.0 = Debug|Any CPU
		{C1741629-BAF8-4121-A975-E70B586F022B}.Release|Any CPU.ActiveCfg = Release|Any CPU
		{C1741629-BAF8-4121-A975-E70B586F022B}.Release|Any CPU.Build.0 = Release|Any CPU
		{94E081DA-8FAF-4A3C-B9B7-E7EBE9A2021A}.Debug|Any CPU.ActiveCfg = Debug|Any CPU
		{94E081DA-8FAF-4A3C-B9B7-E7EBE9A2021A}.Debug|Any CPU.Build.0 = Debug|Any CPU
		{94E081DA-8FAF-4A3C-B9B7-E7EBE9A2021A}.Release|Any CPU.ActiveCfg = Release|Any CPU
		{94E081DA-8FAF-4A3C-B9B7-E7EBE9A2021A}.Release|Any CPU.Build.0 = Release|Any CPU
		{7FBC0A76-4D8A-4793-846F-264FB6CB8750}.Debug|Any CPU.ActiveCfg = Debug|Any CPU
		{7FBC0A76-4D8A-4793-846F-264FB6CB8750}.Debug|Any CPU.Build.0 = Debug|Any CPU
		{7FBC0A76-4D8A-4793-846F-264FB6CB8750}.Release|Any CPU.ActiveCfg = Release|Any CPU
		{7FBC0A76-4D8A-4793-846F-264FB6CB8750}.Release|Any CPU.Build.0 = Release|Any CPU
		{25C7A0CA-E0A7-4A8F-962B-CF894C1FCFA8}.Debug|Any CPU.ActiveCfg = Debug|Any CPU
		{25C7A0CA-E0A7-4A8F-962B-CF894C1FCFA8}.Debug|Any CPU.Build.0 = Debug|Any CPU
		{25C7A0CA-E0A7-4A8F-962B-CF894C1FCFA8}.Release|Any CPU.ActiveCfg = Release|Any CPU
		{25C7A0CA-E0A7-4A8F-962B-CF894C1FCFA8}.Release|Any CPU.Build.0 = Release|Any CPU
		{47C49262-6412-4EAD-AB8C-7623B6DFD3F6}.Debug|Any CPU.ActiveCfg = Debug|Any CPU
		{47C49262-6412-4EAD-AB8C-7623B6DFD3F6}.Debug|Any CPU.Build.0 = Debug|Any CPU
		{47C49262-6412-4EAD-AB8C-7623B6DFD3F6}.Release|Any CPU.ActiveCfg = Release|Any CPU
		{47C49262-6412-4EAD-AB8C-7623B6DFD3F6}.Release|Any CPU.Build.0 = Release|Any CPU
		{67B9D9FE-BD41-4E6D-8D08-38F22D03B357}.Debug|Any CPU.ActiveCfg = Debug|Any CPU
		{67B9D9FE-BD41-4E6D-8D08-38F22D03B357}.Debug|Any CPU.Build.0 = Debug|Any CPU
		{67B9D9FE-BD41-4E6D-8D08-38F22D03B357}.Release|Any CPU.ActiveCfg = Release|Any CPU
		{67B9D9FE-BD41-4E6D-8D08-38F22D03B357}.Release|Any CPU.Build.0 = Release|Any CPU
		{5189753D-2513-4CE9-9A8E-4B33A4C52F5E}.Debug|Any CPU.ActiveCfg = Debug|Any CPU
		{5189753D-2513-4CE9-9A8E-4B33A4C52F5E}.Debug|Any CPU.Build.0 = Debug|Any CPU
		{5189753D-2513-4CE9-9A8E-4B33A4C52F5E}.Release|Any CPU.ActiveCfg = Release|Any CPU
		{5189753D-2513-4CE9-9A8E-4B33A4C52F5E}.Release|Any CPU.Build.0 = Release|Any CPU
		{5D575E78-E369-4104-8E81-D3E69D274D3F}.Debug|Any CPU.ActiveCfg = Debug|Any CPU
		{5D575E78-E369-4104-8E81-D3E69D274D3F}.Debug|Any CPU.Build.0 = Debug|Any CPU
		{5D575E78-E369-4104-8E81-D3E69D274D3F}.Release|Any CPU.ActiveCfg = Release|Any CPU
		{5D575E78-E369-4104-8E81-D3E69D274D3F}.Release|Any CPU.Build.0 = Release|Any CPU
		{777F24F4-51B1-4E79-8322-FD0ADA917A27}.Debug|Any CPU.ActiveCfg = Debug|Any CPU
		{777F24F4-51B1-4E79-8322-FD0ADA917A27}.Debug|Any CPU.Build.0 = Debug|Any CPU
		{777F24F4-51B1-4E79-8322-FD0ADA917A27}.Release|Any CPU.ActiveCfg = Release|Any CPU
		{777F24F4-51B1-4E79-8322-FD0ADA917A27}.Release|Any CPU.Build.0 = Release|Any CPU
		{12F23786-817D-4B19-8B6D-5C1A04A0F6F3}.Debug|Any CPU.ActiveCfg = Debug|Any CPU
		{12F23786-817D-4B19-8B6D-5C1A04A0F6F3}.Debug|Any CPU.Build.0 = Debug|Any CPU
		{12F23786-817D-4B19-8B6D-5C1A04A0F6F3}.Release|Any CPU.ActiveCfg = Release|Any CPU
		{12F23786-817D-4B19-8B6D-5C1A04A0F6F3}.Release|Any CPU.Build.0 = Release|Any CPU
		{AD315616-440A-40A4-A54A-31FDF7FD06CA}.Debug|Any CPU.ActiveCfg = Debug|Any CPU
		{AD315616-440A-40A4-A54A-31FDF7FD06CA}.Debug|Any CPU.Build.0 = Debug|Any CPU
		{AD315616-440A-40A4-A54A-31FDF7FD06CA}.Release|Any CPU.ActiveCfg = Release|Any CPU
		{AD315616-440A-40A4-A54A-31FDF7FD06CA}.Release|Any CPU.Build.0 = Release|Any CPU
		{B9DFA9A0-5A43-42DB-94CC-6D1002635667}.Debug|Any CPU.ActiveCfg = Debug|Any CPU
		{B9DFA9A0-5A43-42DB-94CC-6D1002635667}.Debug|Any CPU.Build.0 = Debug|Any CPU
		{B9DFA9A0-5A43-42DB-94CC-6D1002635667}.Release|Any CPU.ActiveCfg = Release|Any CPU
		{B9DFA9A0-5A43-42DB-94CC-6D1002635667}.Release|Any CPU.Build.0 = Release|Any CPU
		{8F1FA8D8-AEF3-44AA-A613-8EB3BC400B17}.Debug|Any CPU.ActiveCfg = Debug|Any CPU
		{8F1FA8D8-AEF3-44AA-A613-8EB3BC400B17}.Debug|Any CPU.Build.0 = Debug|Any CPU
		{8F1FA8D8-AEF3-44AA-A613-8EB3BC400B17}.Release|Any CPU.ActiveCfg = Release|Any CPU
		{8F1FA8D8-AEF3-44AA-A613-8EB3BC400B17}.Release|Any CPU.Build.0 = Release|Any CPU
		{93715134-8416-4F9E-895A-DD15D2D88539}.Debug|Any CPU.ActiveCfg = Debug|Any CPU
		{93715134-8416-4F9E-895A-DD15D2D88539}.Debug|Any CPU.Build.0 = Debug|Any CPU
		{93715134-8416-4F9E-895A-DD15D2D88539}.Release|Any CPU.ActiveCfg = Release|Any CPU
		{93715134-8416-4F9E-895A-DD15D2D88539}.Release|Any CPU.Build.0 = Release|Any CPU
		{5B4D68C9-4F5B-40F6-ACE7-23BD11FDFA0D}.Debug|Any CPU.ActiveCfg = Debug|Any CPU
		{5B4D68C9-4F5B-40F6-ACE7-23BD11FDFA0D}.Debug|Any CPU.Build.0 = Debug|Any CPU
		{5B4D68C9-4F5B-40F6-ACE7-23BD11FDFA0D}.Release|Any CPU.ActiveCfg = Release|Any CPU
		{5B4D68C9-4F5B-40F6-ACE7-23BD11FDFA0D}.Release|Any CPU.Build.0 = Release|Any CPU
	EndGlobalSection
	GlobalSection(SolutionProperties) = preSolution
		HideSolutionNode = FALSE
	EndGlobalSection
	GlobalSection(NestedProjects) = preSolution
		{78221E99-C35E-4912-BDAD-6A3DD6F7A8DB} = {A7DF9708-5683-485C-88D1-D8DE097834C5}
		{929A03D4-5BC0-459D-A0D7-CA38C79F95F4} = {A7DF9708-5683-485C-88D1-D8DE097834C5}
		{5DB1A4BF-0FC8-47F4-A474-D008577FD731} = {929A03D4-5BC0-459D-A0D7-CA38C79F95F4}
		{4132199F-F20F-447C-AFEC-A45CDB528644} = {5DB1A4BF-0FC8-47F4-A474-D008577FD731}
		{A546B463-FE13-4630-848B-8A3DDB31DF37} = {5DB1A4BF-0FC8-47F4-A474-D008577FD731}
		{8C44CEE4-AF7C-4FCF-AF5B-2E709A6487E1} = {5DB1A4BF-0FC8-47F4-A474-D008577FD731}
		{0F2A7670-327B-4683-A47D-C6A61115086F} = {5DB1A4BF-0FC8-47F4-A474-D008577FD731}
		{1AD45429-F3BD-4F76-898E-61D01C6B7AB5} = {A7DF9708-5683-485C-88D1-D8DE097834C5}
		{EE05CFC6-1B3E-4053-8D3B-84AD5D91D15A} = {1AD45429-F3BD-4F76-898E-61D01C6B7AB5}
		{AF7ED272-DB0D-4342-B822-2A1FBB271DEC} = {EE05CFC6-1B3E-4053-8D3B-84AD5D91D15A}
		{55C1994C-5FCE-46DD-B009-6AD4EDAB1FFC} = {EE05CFC6-1B3E-4053-8D3B-84AD5D91D15A}
		{812A75E6-169B-465E-B42F-4D39DBF66E4C} = {EE05CFC6-1B3E-4053-8D3B-84AD5D91D15A}
		{EF60C13A-D4CC-4F98-A76F-B8B1A947D64F} = {EE05CFC6-1B3E-4053-8D3B-84AD5D91D15A}
		{AAFEF16C-9CB7-4E4D-8819-050FF7E2C46C} = {EE05CFC6-1B3E-4053-8D3B-84AD5D91D15A}
		{A10B9800-A668-4A52-8F0A-9A5AD90C68FE} = {D4AE60E4-544A-45B1-92D9-83611CF8D2B9}
		{75B7E59A-411D-435E-A44F-5E485AB17280} = {A10B9800-A668-4A52-8F0A-9A5AD90C68FE}
		{06C68FBA-15DC-4DB4-A285-E6ACC1D45E24} = {78221E99-C35E-4912-BDAD-6A3DD6F7A8DB}
		{59D8C51F-AED9-4DD2-9A98-E8A1DB69D9C2} = {06C68FBA-15DC-4DB4-A285-E6ACC1D45E24}
		{2F23B2B3-4EF3-4C26-A486-66137BD59241} = {1AD45429-F3BD-4F76-898E-61D01C6B7AB5}
		{19A60F99-1C44-4B3F-A725-405D1D294690} = {1AD45429-F3BD-4F76-898E-61D01C6B7AB5}
		{AA8CE5F8-327C-4585-A784-800E25469936} = {1AD45429-F3BD-4F76-898E-61D01C6B7AB5}
		{477CE89F-1E11-4124-B3FF-B5EF91C3E9C4} = {1AD45429-F3BD-4F76-898E-61D01C6B7AB5}
		{B714AAE7-B296-4BB8-9841-DB9D1D7B5C6B} = {1AD45429-F3BD-4F76-898E-61D01C6B7AB5}
		{C1741629-BAF8-4121-A975-E70B586F022B} = {2F23B2B3-4EF3-4C26-A486-66137BD59241}
		{94E081DA-8FAF-4A3C-B9B7-E7EBE9A2021A} = {2F23B2B3-4EF3-4C26-A486-66137BD59241}
		{7FBC0A76-4D8A-4793-846F-264FB6CB8750} = {2F23B2B3-4EF3-4C26-A486-66137BD59241}
		{25C7A0CA-E0A7-4A8F-962B-CF894C1FCFA8} = {2F23B2B3-4EF3-4C26-A486-66137BD59241}
		{47C49262-6412-4EAD-AB8C-7623B6DFD3F6} = {B714AAE7-B296-4BB8-9841-DB9D1D7B5C6B}
		{67B9D9FE-BD41-4E6D-8D08-38F22D03B357} = {477CE89F-1E11-4124-B3FF-B5EF91C3E9C4}
		{5189753D-2513-4CE9-9A8E-4B33A4C52F5E} = {19A60F99-1C44-4B3F-A725-405D1D294690}
		{5D575E78-E369-4104-8E81-D3E69D274D3F} = {19A60F99-1C44-4B3F-A725-405D1D294690}
		{777F24F4-51B1-4E79-8322-FD0ADA917A27} = {19A60F99-1C44-4B3F-A725-405D1D294690}
		{12F23786-817D-4B19-8B6D-5C1A04A0F6F3} = {19A60F99-1C44-4B3F-A725-405D1D294690}
		{AD315616-440A-40A4-A54A-31FDF7FD06CA} = {19A60F99-1C44-4B3F-A725-405D1D294690}
		{B9DFA9A0-5A43-42DB-94CC-6D1002635667} = {AA8CE5F8-327C-4585-A784-800E25469936}
		{8F1FA8D8-AEF3-44AA-A613-8EB3BC400B17} = {AA8CE5F8-327C-4585-A784-800E25469936}
		{93715134-8416-4F9E-895A-DD15D2D88539} = {AA8CE5F8-327C-4585-A784-800E25469936}
		{5B4D68C9-4F5B-40F6-ACE7-23BD11FDFA0D} = {AA8CE5F8-327C-4585-A784-800E25469936}
	EndGlobalSection
	GlobalSection(ExtensibilityGlobals) = postSolution
		SolutionGuid = {0863901C-7452-410D-938E-901D4A3C67CF}
	EndGlobalSection
EndGlobal
